
Microsoft Visual Studio Solution File, Format Version 12.00
# Visual Studio Version 17
VisualStudioVersion = 17.11.35327.3
MinimumVisualStudioVersion = 10.0.40219.1
Project("{FAE04EC0-301F-11D3-BF4B-00C04F79EFBC}") = "MVVMApp", "MVVMApp\MVVMApp.csproj", "{535E3BE3-FBE1-44C2-B73C-4D8DA9B0D265}"
EndProject
Global
	GlobalSection(SolutionConfigurationPlatforms) = preSolution
		Debug|Any CPU = Debug|Any CPU
		Release|Any CPU = Release|Any CPU
	EndGlobalSection
	GlobalSection(ProjectConfigurationPlatforms) = postSolution
		{535E3BE3-FBE1-44C2-B73C-4D8DA9B0D265}.Debug|Any CPU.ActiveCfg = Debug|Any CPU
		{535E3BE3-FBE1-44C2-B73C-4D8DA9B0D265}.Debug|Any CPU.Build.0 = Debug|Any CPU
		{535E3BE3-FBE1-44C2-B73C-4D8DA9B0D265}.Release|Any CPU.ActiveCfg = Release|Any CPU
		{535E3BE3-FBE1-44C2-B73C-4D8DA9B0D265}.Release|Any CPU.Build.0 = Release|Any CPU
	EndGlobalSection
	GlobalSection(SolutionProperties) = preSolution
		HideSolutionNode = FALSE
	EndGlobalSection
	GlobalSection(ExtensibilityGlobals) = postSolution
		SolutionGuid = {65718CF0-0CA5-4A15-B5E0-B9D749891125}
	EndGlobalSection
EndGlobal
