
Microsoft Visual Studio Solution File, Format Version 12.00
# Visual Studio Version 17
VisualStudioVersion = 17.11.35327.3
MinimumVisualStudioVersion = 10.0.40219.1
Project("{F2A71F9B-5D33-465A-A702-920D77279786}") = "MVCApp", "MVCApp\MVCApp.fsproj", "{DF30177D-29C4-48F7-A083-A46C7B9251A2}"
EndProject
Global
	GlobalSection(SolutionConfigurationPlatforms) = preSolution
		Debug|Any CPU = Debug|Any CPU
		Release|Any CPU = Release|Any CPU
	EndGlobalSection
	GlobalSection(ProjectConfigurationPlatforms) = postSolution
		{DF30177D-29C4-48F7-A083-A46C7B9251A2}.Debug|Any CPU.ActiveCfg = Debug|Any CPU
		{DF30177D-29C4-48F7-A083-A46C7B9251A2}.Debug|Any CPU.Build.0 = Debug|Any CPU
		{DF30177D-29C4-48F7-A083-A46C7B9251A2}.Release|Any CPU.ActiveCfg = Release|Any CPU
		{DF30177D-29C4-48F7-A083-A46C7B9251A2}.Release|Any CPU.Build.0 = Release|Any CPU
	EndGlobalSection
	GlobalSection(SolutionProperties) = preSolution
		HideSolutionNode = FALSE
	EndGlobalSection
	GlobalSection(ExtensibilityGlobals) = postSolution
		SolutionGuid = {6763ACF8-CB72-498E-ADF0-AD1BAD007803}
	EndGlobalSection
EndGlobal
